// !$*UTF8*$!
{
	archiveVersion = 1;
	classes = {
	};
	objectVersion = 51;
	objects = {

/* Begin PBXBuildFile section */
		DB0CF8632473ACBE00F464CE /* MuseumVC.swift in Sources */ = {isa = PBXBuildFile; fileRef = DB0CF8622473ACBE00F464CE /* MuseumVC.swift */; };
		DB18B7CF2462956400138FAE /* AppDelegate.swift in Sources */ = {isa = PBXBuildFile; fileRef = DB18B7CE2462956400138FAE /* AppDelegate.swift */; };
		DB18B7D32462956400138FAE /* ViewController.swift in Sources */ = {isa = PBXBuildFile; fileRef = DB18B7D22462956400138FAE /* ViewController.swift */; };
		DB18B7D62462956400138FAE /* Main.storyboard in Resources */ = {isa = PBXBuildFile; fileRef = DB18B7D42462956400138FAE /* Main.storyboard */; };
		DB18B7D82462956600138FAE /* Assets.xcassets in Resources */ = {isa = PBXBuildFile; fileRef = DB18B7D72462956600138FAE /* Assets.xcassets */; };
		DB18B7DB2462956600138FAE /* LaunchScreen.storyboard in Resources */ = {isa = PBXBuildFile; fileRef = DB18B7D92462956600138FAE /* LaunchScreen.storyboard */; };
		DB18B7E32462972100138FAE /* Extensions.swift in Sources */ = {isa = PBXBuildFile; fileRef = DB18B7E22462972100138FAE /* Extensions.swift */; };
		DB18B7E52462995D00138FAE /* FilterView.xib in Resources */ = {isa = PBXBuildFile; fileRef = DB18B7E42462995D00138FAE /* FilterView.xib */; };
		DB18B7E72462997900138FAE /* FilterView.swift in Sources */ = {isa = PBXBuildFile; fileRef = DB18B7E62462997900138FAE /* FilterView.swift */; };
		DB237685246D3A4B001887D7 /* CustomPickerView.swift in Sources */ = {isa = PBXBuildFile; fileRef = DB237684246D3A4B001887D7 /* CustomPickerView.swift */; };
		DB237687247237D8001887D7 /* DIYFile.swift in Sources */ = {isa = PBXBuildFile; fileRef = DB237686247237D8001887D7 /* DIYFile.swift */; };
		DB23768924727254001887D7 /* DIYVC.swift in Sources */ = {isa = PBXBuildFile; fileRef = DB23768824727254001887D7 /* DIYVC.swift */; };
		DB23768B2472760E001887D7 /* DIYCell.swift in Sources */ = {isa = PBXBuildFile; fileRef = DB23768A2472760E001887D7 /* DIYCell.swift */; };
		DB23768E24727DC7001887D7 /* DIYDetailedVC.swift in Sources */ = {isa = PBXBuildFile; fileRef = DB23768C24727DC7001887D7 /* DIYDetailedVC.swift */; };
		DB845C552463EC850060C02E /* AnimalModelCell.swift in Sources */ = {isa = PBXBuildFile; fileRef = DB845C542463EC850060C02E /* AnimalModelCell.swift */; };
		DB845C59246407720060C02E /* AnimalFile.swift in Sources */ = {isa = PBXBuildFile; fileRef = DB845C58246407720060C02E /* AnimalFile.swift */; };
		DB86C4E424752B9200BA057E /* InsectDetailedVC.swift in Sources */ = {isa = PBXBuildFile; fileRef = DB86C4E324752B9200BA057E /* InsectDetailedVC.swift */; };
		DB86C4E62475327A00BA057E /* FossilDetailedVC.swift in Sources */ = {isa = PBXBuildFile; fileRef = DB86C4E52475327A00BA057E /* FossilDetailedVC.swift */; };
		DB86C4E824753F8600BA057E /* ArtworkDetailedVC.swift in Sources */ = {isa = PBXBuildFile; fileRef = DB86C4E724753F8600BA057E /* ArtworkDetailedVC.swift */; };
		DB86C4EA2475432300BA057E /* PictureView.swift in Sources */ = {isa = PBXBuildFile; fileRef = DB86C4E92475432300BA057E /* PictureView.swift */; };
		DB9DEF422473CAC7006ABD91 /* FishView.swift in Sources */ = {isa = PBXBuildFile; fileRef = DB9DEF412473CAC7006ABD91 /* FishView.swift */; };
		DB9DEF442473CAEE006ABD91 /* InsectView.swift in Sources */ = {isa = PBXBuildFile; fileRef = DB9DEF432473CAEE006ABD91 /* InsectView.swift */; };
		DB9DEF462473CB07006ABD91 /* FossilView.swift in Sources */ = {isa = PBXBuildFile; fileRef = DB9DEF452473CB07006ABD91 /* FossilView.swift */; };
		DB9DEF482473CB1F006ABD91 /* ArtworkView.swift in Sources */ = {isa = PBXBuildFile; fileRef = DB9DEF472473CB1F006ABD91 /* ArtworkView.swift */; };
		DB9DEF4B2473CDD4006ABD91 /* FishViewCell.swift in Sources */ = {isa = PBXBuildFile; fileRef = DB9DEF4A2473CDD4006ABD91 /* FishViewCell.swift */; };
		DB9DEF4D2473CFA0006ABD91 /* InsectViewCell.swift in Sources */ = {isa = PBXBuildFile; fileRef = DB9DEF4C2473CFA0006ABD91 /* InsectViewCell.swift */; };
		DB9DEF4F2473D06D006ABD91 /* FossilViewCell.swift in Sources */ = {isa = PBXBuildFile; fileRef = DB9DEF4E2473D06D006ABD91 /* FossilViewCell.swift */; };
		DB9DEF512473D30F006ABD91 /* ArtworkViewCell.swift in Sources */ = {isa = PBXBuildFile; fileRef = DB9DEF502473D30F006ABD91 /* ArtworkViewCell.swift */; };
		DB9DEF552473DD00006ABD91 /* MuseumFile.swift in Sources */ = {isa = PBXBuildFile; fileRef = DB9DEF542473DD00006ABD91 /* MuseumFile.swift */; };
		DB9DEF582473F1CE006ABD91 /* FishDetailedVC.swift in Sources */ = {isa = PBXBuildFile; fileRef = DB9DEF572473F1CE006ABD91 /* FishDetailedVC.swift */; };
		E7465D8B7DF16DF5A9BD1A0C /* Pods_AnimalEncyclopedia.framework in Frameworks */ = {isa = PBXBuildFile; fileRef = 674527752D2995F01136DDAB /* Pods_AnimalEncyclopedia.framework */; };
/* End PBXBuildFile section */

/* Begin PBXFileReference section */
		47C4CF9F76DFF3A58F728F15 /* Pods-AnimalEncyclopedia.release.xcconfig */ = {isa = PBXFileReference; includeInIndex = 1; lastKnownFileType = text.xcconfig; name = "Pods-AnimalEncyclopedia.release.xcconfig"; path = "Target Support Files/Pods-AnimalEncyclopedia/Pods-AnimalEncyclopedia.release.xcconfig"; sourceTree = "<group>"; };
		647C267D9DD44A74E6134E61 /* Pods-AnimalEncyclopedia.debug.xcconfig */ = {isa = PBXFileReference; includeInIndex = 1; lastKnownFileType = text.xcconfig; name = "Pods-AnimalEncyclopedia.debug.xcconfig"; path = "Target Support Files/Pods-AnimalEncyclopedia/Pods-AnimalEncyclopedia.debug.xcconfig"; sourceTree = "<group>"; };
		674527752D2995F01136DDAB /* Pods_AnimalEncyclopedia.framework */ = {isa = PBXFileReference; explicitFileType = wrapper.framework; includeInIndex = 0; path = Pods_AnimalEncyclopedia.framework; sourceTree = BUILT_PRODUCTS_DIR; };
		DB0CF8622473ACBE00F464CE /* MuseumVC.swift */ = {isa = PBXFileReference; lastKnownFileType = sourcecode.swift; path = MuseumVC.swift; sourceTree = "<group>"; };
		DB18B7CB2462956400138FAE /* 動森百科.app */ = {isa = PBXFileReference; explicitFileType = wrapper.application; includeInIndex = 0; path = "動森百科.app"; sourceTree = BUILT_PRODUCTS_DIR; };
		DB18B7CE2462956400138FAE /* AppDelegate.swift */ = {isa = PBXFileReference; lastKnownFileType = sourcecode.swift; path = AppDelegate.swift; sourceTree = "<group>"; };
		DB18B7D22462956400138FAE /* ViewController.swift */ = {isa = PBXFileReference; lastKnownFileType = sourcecode.swift; path = ViewController.swift; sourceTree = "<group>"; };
		DB18B7D52462956400138FAE /* Base */ = {isa = PBXFileReference; lastKnownFileType = file.storyboard; name = Base; path = Base.lproj/Main.storyboard; sourceTree = "<group>"; };
		DB18B7D72462956600138FAE /* Assets.xcassets */ = {isa = PBXFileReference; lastKnownFileType = folder.assetcatalog; path = Assets.xcassets; sourceTree = "<group>"; };
		DB18B7DA2462956600138FAE /* Base */ = {isa = PBXFileReference; lastKnownFileType = file.storyboard; name = Base; path = Base.lproj/LaunchScreen.storyboard; sourceTree = "<group>"; };
		DB18B7DC2462956600138FAE /* Info.plist */ = {isa = PBXFileReference; lastKnownFileType = text.plist.xml; path = Info.plist; sourceTree = "<group>"; };
		DB18B7E22462972100138FAE /* Extensions.swift */ = {isa = PBXFileReference; lastKnownFileType = sourcecode.swift; path = Extensions.swift; sourceTree = "<group>"; };
		DB18B7E42462995D00138FAE /* FilterView.xib */ = {isa = PBXFileReference; lastKnownFileType = file.xib; path = FilterView.xib; sourceTree = "<group>"; };
		DB18B7E62462997900138FAE /* FilterView.swift */ = {isa = PBXFileReference; lastKnownFileType = sourcecode.swift; path = FilterView.swift; sourceTree = "<group>"; };
		DB237684246D3A4B001887D7 /* CustomPickerView.swift */ = {isa = PBXFileReference; fileEncoding = 4; lastKnownFileType = sourcecode.swift; path = CustomPickerView.swift; sourceTree = "<group>"; };
		DB237686247237D8001887D7 /* DIYFile.swift */ = {isa = PBXFileReference; lastKnownFileType = sourcecode.swift; path = DIYFile.swift; sourceTree = "<group>"; };
		DB23768824727254001887D7 /* DIYVC.swift */ = {isa = PBXFileReference; lastKnownFileType = sourcecode.swift; path = DIYVC.swift; sourceTree = "<group>"; };
		DB23768A2472760E001887D7 /* DIYCell.swift */ = {isa = PBXFileReference; lastKnownFileType = sourcecode.swift; path = DIYCell.swift; sourceTree = "<group>"; };
		DB23768C24727DC7001887D7 /* DIYDetailedVC.swift */ = {isa = PBXFileReference; lastKnownFileType = sourcecode.swift; path = DIYDetailedVC.swift; sourceTree = "<group>"; };
		DB845C542463EC850060C02E /* AnimalModelCell.swift */ = {isa = PBXFileReference; lastKnownFileType = sourcecode.swift; path = AnimalModelCell.swift; sourceTree = "<group>"; };
		DB845C58246407720060C02E /* AnimalFile.swift */ = {isa = PBXFileReference; lastKnownFileType = sourcecode.swift; path = AnimalFile.swift; sourceTree = "<group>"; };
		DB86C4E324752B9200BA057E /* InsectDetailedVC.swift */ = {isa = PBXFileReference; lastKnownFileType = sourcecode.swift; path = InsectDetailedVC.swift; sourceTree = "<group>"; };
		DB86C4E52475327A00BA057E /* FossilDetailedVC.swift */ = {isa = PBXFileReference; lastKnownFileType = sourcecode.swift; path = FossilDetailedVC.swift; sourceTree = "<group>"; };
		DB86C4E724753F8600BA057E /* ArtworkDetailedVC.swift */ = {isa = PBXFileReference; lastKnownFileType = sourcecode.swift; path = ArtworkDetailedVC.swift; sourceTree = "<group>"; };
		DB86C4E92475432300BA057E /* PictureView.swift */ = {isa = PBXFileReference; fileEncoding = 4; lastKnownFileType = sourcecode.swift; path = PictureView.swift; sourceTree = "<group>"; };
		DB9DEF412473CAC7006ABD91 /* FishView.swift */ = {isa = PBXFileReference; lastKnownFileType = sourcecode.swift; path = FishView.swift; sourceTree = "<group>"; };
		DB9DEF432473CAEE006ABD91 /* InsectView.swift */ = {isa = PBXFileReference; lastKnownFileType = sourcecode.swift; path = InsectView.swift; sourceTree = "<group>"; };
		DB9DEF452473CB07006ABD91 /* FossilView.swift */ = {isa = PBXFileReference; lastKnownFileType = sourcecode.swift; path = FossilView.swift; sourceTree = "<group>"; };
		DB9DEF472473CB1F006ABD91 /* ArtworkView.swift */ = {isa = PBXFileReference; lastKnownFileType = sourcecode.swift; path = ArtworkView.swift; sourceTree = "<group>"; };
		DB9DEF4A2473CDD4006ABD91 /* FishViewCell.swift */ = {isa = PBXFileReference; lastKnownFileType = sourcecode.swift; path = FishViewCell.swift; sourceTree = "<group>"; };
		DB9DEF4C2473CFA0006ABD91 /* InsectViewCell.swift */ = {isa = PBXFileReference; lastKnownFileType = sourcecode.swift; path = InsectViewCell.swift; sourceTree = "<group>"; };
		DB9DEF4E2473D06D006ABD91 /* FossilViewCell.swift */ = {isa = PBXFileReference; lastKnownFileType = sourcecode.swift; path = FossilViewCell.swift; sourceTree = "<group>"; };
		DB9DEF502473D30F006ABD91 /* ArtworkViewCell.swift */ = {isa = PBXFileReference; lastKnownFileType = sourcecode.swift; path = ArtworkViewCell.swift; sourceTree = "<group>"; };
		DB9DEF542473DD00006ABD91 /* MuseumFile.swift */ = {isa = PBXFileReference; lastKnownFileType = sourcecode.swift; path = MuseumFile.swift; sourceTree = "<group>"; };
		DB9DEF572473F1CE006ABD91 /* FishDetailedVC.swift */ = {isa = PBXFileReference; lastKnownFileType = sourcecode.swift; path = FishDetailedVC.swift; sourceTree = "<group>"; };
/* End PBXFileReference section */

/* Begin PBXFrameworksBuildPhase section */
		DB18B7C82462956400138FAE /* Frameworks */ = {
			isa = PBXFrameworksBuildPhase;
			buildActionMask = 2147483647;
			files = (
				E7465D8B7DF16DF5A9BD1A0C /* Pods_AnimalEncyclopedia.framework in Frameworks */,
			);
			runOnlyForDeploymentPostprocessing = 0;
		};
/* End PBXFrameworksBuildPhase section */

/* Begin PBXGroup section */
		2158DC64096D6F6FF8578B7A /* Pods */ = {
			isa = PBXGroup;
			children = (
				647C267D9DD44A74E6134E61 /* Pods-AnimalEncyclopedia.debug.xcconfig */,
				47C4CF9F76DFF3A58F728F15 /* Pods-AnimalEncyclopedia.release.xcconfig */,
			);
			path = Pods;
			sourceTree = "<group>";
		};
		94C56654C5316C110EC7EAB8 /* Frameworks */ = {
			isa = PBXGroup;
			children = (
				674527752D2995F01136DDAB /* Pods_AnimalEncyclopedia.framework */,
			);
			name = Frameworks;
			sourceTree = "<group>";
		};
		DB18B7C22462956400138FAE = {
			isa = PBXGroup;
			children = (
				DB18B7CD2462956400138FAE /* AnimalEncyclopedia */,
				DB18B7CC2462956400138FAE /* Products */,
				2158DC64096D6F6FF8578B7A /* Pods */,
				94C56654C5316C110EC7EAB8 /* Frameworks */,
			);
			sourceTree = "<group>";
		};
		DB18B7CC2462956400138FAE /* Products */ = {
			isa = PBXGroup;
			children = (
				DB18B7CB2462956400138FAE /* 動森百科.app */,
			);
			name = Products;
			sourceTree = "<group>";
		};
		DB18B7CD2462956400138FAE /* AnimalEncyclopedia */ = {
			isa = PBXGroup;
			children = (
				DB18B7CE2462956400138FAE /* AppDelegate.swift */,
				DB18B7D22462956400138FAE /* ViewController.swift */,
				DB845C542463EC850060C02E /* AnimalModelCell.swift */,
				DB5224DC2462C3DD00B396B7 /* Filter */,
				DB9DEF562473F164006ABD91 /* DIY */,
				DB9DEF402473CAA3006ABD91 /* Museum */,
				DB9DEF522473DC5F006ABD91 /* Extensions */,
				DB9DEF532473DC71006ABD91 /* Flie */,
				DB18B7D42462956400138FAE /* Main.storyboard */,
				DB18B7D72462956600138FAE /* Assets.xcassets */,
				DB18B7D92462956600138FAE /* LaunchScreen.storyboard */,
				DB18B7DC2462956600138FAE /* Info.plist */,
			);
			path = AnimalEncyclopedia;
			sourceTree = "<group>";
		};
		DB5224DC2462C3DD00B396B7 /* Filter */ = {
			isa = PBXGroup;
			children = (
				DB18B7E62462997900138FAE /* FilterView.swift */,
				DB18B7E42462995D00138FAE /* FilterView.xib */,
			);
			path = Filter;
			sourceTree = "<group>";
		};
		DB9DEF402473CAA3006ABD91 /* Museum */ = {
			isa = PBXGroup;
			children = (
				DB0CF8622473ACBE00F464CE /* MuseumVC.swift */,
				DB9DEF412473CAC7006ABD91 /* FishView.swift */,
				DB9DEF432473CAEE006ABD91 /* InsectView.swift */,
				DB9DEF452473CB07006ABD91 /* FossilView.swift */,
				DB9DEF472473CB1F006ABD91 /* ArtworkView.swift */,
				DB9DEF572473F1CE006ABD91 /* FishDetailedVC.swift */,
				DB86C4E324752B9200BA057E /* InsectDetailedVC.swift */,
				DB86C4E52475327A00BA057E /* FossilDetailedVC.swift */,
				DB86C4E724753F8600BA057E /* ArtworkDetailedVC.swift */,
				DB9DEF492473CDB2006ABD91 /* collectionViewCell */,
			);
			path = Museum;
			sourceTree = "<group>";
		};
		DB9DEF492473CDB2006ABD91 /* collectionViewCell */ = {
			isa = PBXGroup;
			children = (
				DB9DEF4A2473CDD4006ABD91 /* FishViewCell.swift */,
				DB9DEF4C2473CFA0006ABD91 /* InsectViewCell.swift */,
				DB9DEF4E2473D06D006ABD91 /* FossilViewCell.swift */,
				DB9DEF502473D30F006ABD91 /* ArtworkViewCell.swift */,
			);
			path = collectionViewCell;
			sourceTree = "<group>";
		};
		DB9DEF522473DC5F006ABD91 /* Extensions */ = {
			isa = PBXGroup;
			children = (
				DB18B7E22462972100138FAE /* Extensions.swift */,
				DB237684246D3A4B001887D7 /* CustomPickerView.swift */,
				DB86C4E92475432300BA057E /* PictureView.swift */,
			);
			path = Extensions;
			sourceTree = "<group>";
		};
		DB9DEF532473DC71006ABD91 /* Flie */ = {
			isa = PBXGroup;
			children = (
				DB845C58246407720060C02E /* AnimalFile.swift */,
				DB237686247237D8001887D7 /* DIYFile.swift */,
				DB9DEF542473DD00006ABD91 /* MuseumFile.swift */,
			);
			path = Flie;
			sourceTree = "<group>";
		};
		DB9DEF562473F164006ABD91 /* DIY */ = {
			isa = PBXGroup;
			children = (
				DB23768824727254001887D7 /* DIYVC.swift */,
				DB23768A2472760E001887D7 /* DIYCell.swift */,
				DB23768C24727DC7001887D7 /* DIYDetailedVC.swift */,
			);
			path = DIY;
			sourceTree = "<group>";
		};
/* End PBXGroup section */

/* Begin PBXNativeTarget section */
		DB18B7CA2462956400138FAE /* AnimalEncyclopedia */ = {
			isa = PBXNativeTarget;
			buildConfigurationList = DB18B7DF2462956600138FAE /* Build configuration list for PBXNativeTarget "AnimalEncyclopedia" */;
			buildPhases = (
				4471D03BB97CAE51A28D42F2 /* [CP] Check Pods Manifest.lock */,
				DB18B7C72462956400138FAE /* Sources */,
				DB18B7C82462956400138FAE /* Frameworks */,
				DB18B7C92462956400138FAE /* Resources */,
				5053B5D8E382B503F65033E7 /* [CP] Embed Pods Frameworks */,
			);
			buildRules = (
			);
			dependencies = (
			);
			name = AnimalEncyclopedia;
			productName = AnimalEncyclopedia;
			productReference = DB18B7CB2462956400138FAE /* 動森百科.app */;
			productType = "com.apple.product-type.application";
		};
/* End PBXNativeTarget section */

/* Begin PBXProject section */
		DB18B7C32462956400138FAE /* Project object */ = {
			isa = PBXProject;
			attributes = {
				LastSwiftUpdateCheck = 1140;
				LastUpgradeCheck = 1140;
				ORGANIZATIONNAME = "HellöM";
				TargetAttributes = {
					DB18B7CA2462956400138FAE = {
						CreatedOnToolsVersion = 11.4;
					};
				};
			};
			buildConfigurationList = DB18B7C62462956400138FAE /* Build configuration list for PBXProject "AnimalEncyclopedia" */;
			compatibilityVersion = "Xcode 9.3";
			developmentRegion = en;
			hasScannedForEncodings = 0;
			knownRegions = (
				en,
				Base,
			);
			mainGroup = DB18B7C22462956400138FAE;
			productRefGroup = DB18B7CC2462956400138FAE /* Products */;
			projectDirPath = "";
			projectRoot = "";
			targets = (
				DB18B7CA2462956400138FAE /* AnimalEncyclopedia */,
			);
		};
/* End PBXProject section */

/* Begin PBXResourcesBuildPhase section */
		DB18B7C92462956400138FAE /* Resources */ = {
			isa = PBXResourcesBuildPhase;
			buildActionMask = 2147483647;
			files = (
				DB18B7E52462995D00138FAE /* FilterView.xib in Resources */,
				DB18B7DB2462956600138FAE /* LaunchScreen.storyboard in Resources */,
				DB18B7D82462956600138FAE /* Assets.xcassets in Resources */,
				DB18B7D62462956400138FAE /* Main.storyboard in Resources */,
			);
			runOnlyForDeploymentPostprocessing = 0;
		};
/* End PBXResourcesBuildPhase section */

/* Begin PBXShellScriptBuildPhase section */
		4471D03BB97CAE51A28D42F2 /* [CP] Check Pods Manifest.lock */ = {
			isa = PBXShellScriptBuildPhase;
			buildActionMask = 2147483647;
			files = (
			);
			inputFileListPaths = (
			);
			inputPaths = (
				"${PODS_PODFILE_DIR_PATH}/Podfile.lock",
				"${PODS_ROOT}/Manifest.lock",
			);
			name = "[CP] Check Pods Manifest.lock";
			outputFileListPaths = (
			);
			outputPaths = (
				"$(DERIVED_FILE_DIR)/Pods-AnimalEncyclopedia-checkManifestLockResult.txt",
			);
			runOnlyForDeploymentPostprocessing = 0;
			shellPath = /bin/sh;
			shellScript = "diff \"${PODS_PODFILE_DIR_PATH}/Podfile.lock\" \"${PODS_ROOT}/Manifest.lock\" > /dev/null\nif [ $? != 0 ] ; then\n    # print error to STDERR\n    echo \"error: The sandbox is not in sync with the Podfile.lock. Run 'pod install' or update your CocoaPods installation.\" >&2\n    exit 1\nfi\n# This output is used by Xcode 'outputs' to avoid re-running this script phase.\necho \"SUCCESS\" > \"${SCRIPT_OUTPUT_FILE_0}\"\n";
			showEnvVarsInLog = 0;
		};
		5053B5D8E382B503F65033E7 /* [CP] Embed Pods Frameworks */ = {
			isa = PBXShellScriptBuildPhase;
			buildActionMask = 2147483647;
			files = (
			);
			inputFileListPaths = (
				"${PODS_ROOT}/Target Support Files/Pods-AnimalEncyclopedia/Pods-AnimalEncyclopedia-frameworks-${CONFIGURATION}-input-files.xcfilelist",
			);
			name = "[CP] Embed Pods Frameworks";
			outputFileListPaths = (
				"${PODS_ROOT}/Target Support Files/Pods-AnimalEncyclopedia/Pods-AnimalEncyclopedia-frameworks-${CONFIGURATION}-output-files.xcfilelist",
			);
			runOnlyForDeploymentPostprocessing = 0;
			shellPath = /bin/sh;
			shellScript = "\"${PODS_ROOT}/Target Support Files/Pods-AnimalEncyclopedia/Pods-AnimalEncyclopedia-frameworks.sh\"\n";
			showEnvVarsInLog = 0;
		};
/* End PBXShellScriptBuildPhase section */

/* Begin PBXSourcesBuildPhase section */
		DB18B7C72462956400138FAE /* Sources */ = {
			isa = PBXSourcesBuildPhase;
			buildActionMask = 2147483647;
			files = (
				DB9DEF4B2473CDD4006ABD91 /* FishViewCell.swift in Sources */,
				DB9DEF512473D30F006ABD91 /* ArtworkViewCell.swift in Sources */,
				DB9DEF422473CAC7006ABD91 /* FishView.swift in Sources */,
				DB86C4EA2475432300BA057E /* PictureView.swift in Sources */,
				DB9DEF482473CB1F006ABD91 /* ArtworkView.swift in Sources */,
				DB9DEF4F2473D06D006ABD91 /* FossilViewCell.swift in Sources */,
				DB18B7E72462997900138FAE /* FilterView.swift in Sources */,
				DB845C59246407720060C02E /* AnimalFile.swift in Sources */,
				DB18B7D32462956400138FAE /* ViewController.swift in Sources */,
				DB86C4E424752B9200BA057E /* InsectDetailedVC.swift in Sources */,
				DB9DEF582473F1CE006ABD91 /* FishDetailedVC.swift in Sources */,
				DB9DEF462473CB07006ABD91 /* FossilView.swift in Sources */,
				DB23768924727254001887D7 /* DIYVC.swift in Sources */,
				DB237685246D3A4B001887D7 /* CustomPickerView.swift in Sources */,
				DB18B7E32462972100138FAE /* Extensions.swift in Sources */,
				DB86C4E62475327A00BA057E /* FossilDetailedVC.swift in Sources */,
				DB9DEF552473DD00006ABD91 /* MuseumFile.swift in Sources */,
				DB86C4E824753F8600BA057E /* ArtworkDetailedVC.swift in Sources */,
				DB23768B2472760E001887D7 /* DIYCell.swift in Sources */,
				DB9DEF442473CAEE006ABD91 /* InsectView.swift in Sources */,
				DB18B7CF2462956400138FAE /* AppDelegate.swift in Sources */,
				DB237687247237D8001887D7 /* DIYFile.swift in Sources */,
				DB9DEF4D2473CFA0006ABD91 /* InsectViewCell.swift in Sources */,
				DB845C552463EC850060C02E /* AnimalModelCell.swift in Sources */,
				DB0CF8632473ACBE00F464CE /* MuseumVC.swift in Sources */,
				DB23768E24727DC7001887D7 /* DIYDetailedVC.swift in Sources */,
			);
			runOnlyForDeploymentPostprocessing = 0;
		};
/* End PBXSourcesBuildPhase section */

/* Begin PBXVariantGroup section */
		DB18B7D42462956400138FAE /* Main.storyboard */ = {
			isa = PBXVariantGroup;
			children = (
				DB18B7D52462956400138FAE /* Base */,
			);
			name = Main.storyboard;
			sourceTree = "<group>";
		};
		DB18B7D92462956600138FAE /* LaunchScreen.storyboard */ = {
			isa = PBXVariantGroup;
			children = (
				DB18B7DA2462956600138FAE /* Base */,
			);
			name = LaunchScreen.storyboard;
			sourceTree = "<group>";
		};
/* End PBXVariantGroup section */

/* Begin XCBuildConfiguration section */
		DB18B7DD2462956600138FAE /* Debug */ = {
			isa = XCBuildConfiguration;
			buildSettings = {
				ALWAYS_SEARCH_USER_PATHS = NO;
				CLANG_ANALYZER_NONNULL = YES;
				CLANG_ANALYZER_NUMBER_OBJECT_CONVERSION = YES_AGGRESSIVE;
				CLANG_CXX_LANGUAGE_STANDARD = "gnu++14";
				CLANG_CXX_LIBRARY = "libc++";
				CLANG_ENABLE_MODULES = YES;
				CLANG_ENABLE_OBJC_ARC = YES;
				CLANG_ENABLE_OBJC_WEAK = YES;
				CLANG_WARN_BLOCK_CAPTURE_AUTORELEASING = YES;
				CLANG_WARN_BOOL_CONVERSION = YES;
				CLANG_WARN_COMMA = YES;
				CLANG_WARN_CONSTANT_CONVERSION = YES;
				CLANG_WARN_DEPRECATED_OBJC_IMPLEMENTATIONS = YES;
				CLANG_WARN_DIRECT_OBJC_ISA_USAGE = YES_ERROR;
				CLANG_WARN_DOCUMENTATION_COMMENTS = YES;
				CLANG_WARN_EMPTY_BODY = YES;
				CLANG_WARN_ENUM_CONVERSION = YES;
				CLANG_WARN_INFINITE_RECURSION = YES;
				CLANG_WARN_INT_CONVERSION = YES;
				CLANG_WARN_NON_LITERAL_NULL_CONVERSION = YES;
				CLANG_WARN_OBJC_IMPLICIT_RETAIN_SELF = YES;
				CLANG_WARN_OBJC_LITERAL_CONVERSION = YES;
				CLANG_WARN_OBJC_ROOT_CLASS = YES_ERROR;
				CLANG_WARN_RANGE_LOOP_ANALYSIS = YES;
				CLANG_WARN_STRICT_PROTOTYPES = YES;
				CLANG_WARN_SUSPICIOUS_MOVE = YES;
				CLANG_WARN_UNGUARDED_AVAILABILITY = YES_AGGRESSIVE;
				CLANG_WARN_UNREACHABLE_CODE = YES;
				CLANG_WARN__DUPLICATE_METHOD_MATCH = YES;
				COPY_PHASE_STRIP = NO;
				DEBUG_INFORMATION_FORMAT = dwarf;
				ENABLE_STRICT_OBJC_MSGSEND = YES;
				ENABLE_TESTABILITY = YES;
				GCC_C_LANGUAGE_STANDARD = gnu11;
				GCC_DYNAMIC_NO_PIC = NO;
				GCC_NO_COMMON_BLOCKS = YES;
				GCC_OPTIMIZATION_LEVEL = 0;
				GCC_PREPROCESSOR_DEFINITIONS = (
					"DEBUG=1",
					"$(inherited)",
				);
				GCC_WARN_64_TO_32_BIT_CONVERSION = YES;
				GCC_WARN_ABOUT_RETURN_TYPE = YES_ERROR;
				GCC_WARN_UNDECLARED_SELECTOR = YES;
				GCC_WARN_UNINITIALIZED_AUTOS = YES_AGGRESSIVE;
				GCC_WARN_UNUSED_FUNCTION = YES;
				GCC_WARN_UNUSED_VARIABLE = YES;
				IPHONEOS_DEPLOYMENT_TARGET = 13.4;
				MTL_ENABLE_DEBUG_INFO = INCLUDE_SOURCE;
				MTL_FAST_MATH = YES;
				ONLY_ACTIVE_ARCH = YES;
				SDKROOT = iphoneos;
				SWIFT_ACTIVE_COMPILATION_CONDITIONS = DEBUG;
				SWIFT_OPTIMIZATION_LEVEL = "-Onone";
			};
			name = Debug;
		};
		DB18B7DE2462956600138FAE /* Release */ = {
			isa = XCBuildConfiguration;
			buildSettings = {
				ALWAYS_SEARCH_USER_PATHS = NO;
				CLANG_ANALYZER_NONNULL = YES;
				CLANG_ANALYZER_NUMBER_OBJECT_CONVERSION = YES_AGGRESSIVE;
				CLANG_CXX_LANGUAGE_STANDARD = "gnu++14";
				CLANG_CXX_LIBRARY = "libc++";
				CLANG_ENABLE_MODULES = YES;
				CLANG_ENABLE_OBJC_ARC = YES;
				CLANG_ENABLE_OBJC_WEAK = YES;
				CLANG_WARN_BLOCK_CAPTURE_AUTORELEASING = YES;
				CLANG_WARN_BOOL_CONVERSION = YES;
				CLANG_WARN_COMMA = YES;
				CLANG_WARN_CONSTANT_CONVERSION = YES;
				CLANG_WARN_DEPRECATED_OBJC_IMPLEMENTATIONS = YES;
				CLANG_WARN_DIRECT_OBJC_ISA_USAGE = YES_ERROR;
				CLANG_WARN_DOCUMENTATION_COMMENTS = YES;
				CLANG_WARN_EMPTY_BODY = YES;
				CLANG_WARN_ENUM_CONVERSION = YES;
				CLANG_WARN_INFINITE_RECURSION = YES;
				CLANG_WARN_INT_CONVERSION = YES;
				CLANG_WARN_NON_LITERAL_NULL_CONVERSION = YES;
				CLANG_WARN_OBJC_IMPLICIT_RETAIN_SELF = YES;
				CLANG_WARN_OBJC_LITERAL_CONVERSION = YES;
				CLANG_WARN_OBJC_ROOT_CLASS = YES_ERROR;
				CLANG_WARN_RANGE_LOOP_ANALYSIS = YES;
				CLANG_WARN_STRICT_PROTOTYPES = YES;
				CLANG_WARN_SUSPICIOUS_MOVE = YES;
				CLANG_WARN_UNGUARDED_AVAILABILITY = YES_AGGRESSIVE;
				CLANG_WARN_UNREACHABLE_CODE = YES;
				CLANG_WARN__DUPLICATE_METHOD_MATCH = YES;
				COPY_PHASE_STRIP = NO;
				DEBUG_INFORMATION_FORMAT = "dwarf-with-dsym";
				ENABLE_NS_ASSERTIONS = NO;
				ENABLE_STRICT_OBJC_MSGSEND = YES;
				GCC_C_LANGUAGE_STANDARD = gnu11;
				GCC_NO_COMMON_BLOCKS = YES;
				GCC_WARN_64_TO_32_BIT_CONVERSION = YES;
				GCC_WARN_ABOUT_RETURN_TYPE = YES_ERROR;
				GCC_WARN_UNDECLARED_SELECTOR = YES;
				GCC_WARN_UNINITIALIZED_AUTOS = YES_AGGRESSIVE;
				GCC_WARN_UNUSED_FUNCTION = YES;
				GCC_WARN_UNUSED_VARIABLE = YES;
				IPHONEOS_DEPLOYMENT_TARGET = 13.4;
				MTL_ENABLE_DEBUG_INFO = NO;
				MTL_FAST_MATH = YES;
				SDKROOT = iphoneos;
				SWIFT_COMPILATION_MODE = wholemodule;
				SWIFT_OPTIMIZATION_LEVEL = "-O";
				VALIDATE_PRODUCT = YES;
			};
			name = Release;
		};
		DB18B7E02462956600138FAE /* Debug */ = {
			isa = XCBuildConfiguration;
			baseConfigurationReference = 647C267D9DD44A74E6134E61 /* Pods-AnimalEncyclopedia.debug.xcconfig */;
			buildSettings = {
				ASSETCATALOG_COMPILER_APPICON_NAME = AppIcon;
				CODE_SIGN_IDENTITY = "iPhone Developer";
				CODE_SIGN_STYLE = Manual;
				DEVELOPMENT_TEAM = 38AMPUQ98F;
				INFOPLIST_FILE = AnimalEncyclopedia/Info.plist;
				IPHONEOS_DEPLOYMENT_TARGET = 11.0;
				LD_RUNPATH_SEARCH_PATHS = (
					"$(inherited)",
					"@executable_path/Frameworks",
				);
				MARKETING_VERSION = 1.2;
				PRODUCT_BUNDLE_IDENTIFIER = uuu.HelloM.AnimalEncyclopedia;
				PRODUCT_NAME = "動森百科";
				PROVISIONING_PROFILE_SPECIFIER = Profile_AE_20200515;
				SWIFT_VERSION = 5.0;
				TARGETED_DEVICE_FAMILY = "1,2";
			};
			name = Debug;
		};
		DB18B7E12462956600138FAE /* Release */ = {
			isa = XCBuildConfiguration;
			baseConfigurationReference = 47C4CF9F76DFF3A58F728F15 /* Pods-AnimalEncyclopedia.release.xcconfig */;
			buildSettings = {
				ASSETCATALOG_COMPILER_APPICON_NAME = AppIcon;
				CODE_SIGN_IDENTITY = "iPhone Developer";
				CODE_SIGN_STYLE = Manual;
				DEVELOPMENT_TEAM = 38AMPUQ98F;
				INFOPLIST_FILE = AnimalEncyclopedia/Info.plist;
				IPHONEOS_DEPLOYMENT_TARGET = 11.0;
				LD_RUNPATH_SEARCH_PATHS = (
					"$(inherited)",
					"@executable_path/Frameworks",
				);
				MARKETING_VERSION = 1.2;
				PRODUCT_BUNDLE_IDENTIFIER = uuu.HelloM.AnimalEncyclopedia;
				PRODUCT_NAME = "動森百科";
				PROVISIONING_PROFILE_SPECIFIER = Profile_AE_20200515;
				SWIFT_VERSION = 5.0;
				TARGETED_DEVICE_FAMILY = "1,2";
			};
			name = Release;
		};
/* End XCBuildConfiguration section */

/* Begin XCConfigurationList section */
		DB18B7C62462956400138FAE /* Build configuration list for PBXProject "AnimalEncyclopedia" */ = {
			isa = XCConfigurationList;
			buildConfigurations = (
				DB18B7DD2462956600138FAE /* Debug */,
				DB18B7DE2462956600138FAE /* Release */,
			);
			defaultConfigurationIsVisible = 0;
			defaultConfigurationName = Release;
		};
		DB18B7DF2462956600138FAE /* Build configuration list for PBXNativeTarget "AnimalEncyclopedia" */ = {
			isa = XCConfigurationList;
			buildConfigurations = (
				DB18B7E02462956600138FAE /* Debug */,
				DB18B7E12462956600138FAE /* Release */,
			);
			defaultConfigurationIsVisible = 0;
			defaultConfigurationName = Release;
		};
/* End XCConfigurationList section */
	};
	rootObject = DB18B7C32462956400138FAE /* Project object */;
}
